
Microsoft Visual Studio Solution File, Format Version 12.00
# Visual Studio Version 16
VisualStudioVersion = 16.0.29911.84
MinimumVisualStudioVersion = 10.0.40219.1
Project("{FAE04EC0-301F-11D3-BF4B-00C04F79EFBC}") = "ProjectInputOutputTinoKerkhof", "ProjectInputOutputTinoKerkhof\ProjectInputOutputTinoKerkhof.csproj", "{1F0F0F16-A2BD-4E98-8361-25CD6BC4798B}"
EndProject
Global
	GlobalSection(SolutionConfigurationPlatforms) = preSolution
		Debug|Any CPU = Debug|Any CPU
		Release|Any CPU = Release|Any CPU
	EndGlobalSection
	GlobalSection(ProjectConfigurationPlatforms) = postSolution
		{1F0F0F16-A2BD-4E98-8361-25CD6BC4798B}.Debug|Any CPU.ActiveCfg = Debug|Any CPU
		{1F0F0F16-A2BD-4E98-8361-25CD6BC4798B}.Debug|Any CPU.Build.0 = Debug|Any CPU
		{1F0F0F16-A2BD-4E98-8361-25CD6BC4798B}.Release|Any CPU.ActiveCfg = Release|Any CPU
		{1F0F0F16-A2BD-4E98-8361-25CD6BC4798B}.Release|Any CPU.Build.0 = Release|Any CPU
	EndGlobalSection
	GlobalSection(SolutionProperties) = preSolution
		HideSolutionNode = FALSE
	EndGlobalSection
	GlobalSection(ExtensibilityGlobals) = postSolution
		SolutionGuid = {B378276F-49DC-428B-9B8A-1A7E774E5F44}
	EndGlobalSection
EndGlobal
